
Microsoft Visual Studio Solution File, Format Version 12.00
# Visual Studio Version 17
VisualStudioVersion = 17.14.36221.1 d17.14
MinimumVisualStudioVersion = 10.0.40219.1
Project("{FAE04EC0-301F-11D3-BF4B-00C04F79EFBC}") = "GrailSortCSharp", "GrailSortCSharp.csproj", "{B9276FC9-975E-430E-9288-3CDC042AFD47}"
EndProject
Global
	GlobalSection(SolutionConfigurationPlatforms) = preSolution
		Debug|Any CPU = Debug|Any CPU
		Release|Any CPU = Release|Any CPU
	EndGlobalSection
	GlobalSection(ProjectConfigurationPlatforms) = postSolution
		{B9276FC9-975E-430E-9288-3CDC042AFD47}.Debug|Any CPU.ActiveCfg = Debug|Any CPU
		{B9276FC9-975E-430E-9288-3CDC042AFD47}.Debug|Any CPU.Build.0 = Debug|Any CPU
		{B9276FC9-975E-430E-9288-3CDC042AFD47}.Release|Any CPU.ActiveCfg = Release|Any CPU
		{B9276FC9-975E-430E-9288-3CDC042AFD47}.Release|Any CPU.Build.0 = Release|Any CPU
	EndGlobalSection
	GlobalSection(SolutionProperties) = preSolution
		HideSolutionNode = FALSE
	EndGlobalSection
	GlobalSection(ExtensibilityGlobals) = postSolution
		SolutionGuid = {B38169CB-F564-429E-9ED8-318B252FCA9F}
	EndGlobalSection
EndGlobal
